
Microsoft Visual Studio Solution File, Format Version 10.00
# Visual Studio 2008
Project("{8BC9CEB8-8B4A-11D0-8D11-00A0C91BC942}") = "P398", "P398\P398.vcproj", "{D7945972-2DCE-4B73-BE60-30547A1F97F1}"
EndProject
Global
	GlobalSection(SolutionConfigurationPlatforms) = preSolution
		Debug|Win32 = Debug|Win32
		Release|Win32 = Release|Win32
	EndGlobalSection
	GlobalSection(ProjectConfigurationPlatforms) = postSolution
		{D7945972-2DCE-4B73-BE60-30547A1F97F1}.Debug|Win32.ActiveCfg = Debug|Win32
		{D7945972-2DCE-4B73-BE60-30547A1F97F1}.Debug|Win32.Build.0 = Debug|Win32
		{D7945972-2DCE-4B73-BE60-30547A1F97F1}.Release|Win32.ActiveCfg = Release|Win32
		{D7945972-2DCE-4B73-BE60-30547A1F97F1}.Release|Win32.Build.0 = Release|Win32
	EndGlobalSection
	GlobalSection(SolutionProperties) = preSolution
		HideSolutionNode = FALSE
	EndGlobalSection
EndGlobal
