
Microsoft Visual Studio Solution File, Format Version 12.00
# Visual Studio 15
VisualStudioVersion = 15.0.27703.2035
MinimumVisualStudioVersion = 10.0.40219.1
Project("{8BC9CEB8-8B4A-11D0-8D11-00A0C91BC942}") = "P036", "P036\P036.vcxproj", "{45DC5C59-2E91-48AC-8A55-6948DAD85DD5}"
EndProject
Global
	GlobalSection(SolutionConfigurationPlatforms) = preSolution
		Debug|x64 = Debug|x64
		Debug|x86 = Debug|x86
		Release|x64 = Release|x64
		Release|x86 = Release|x86
	EndGlobalSection
	GlobalSection(ProjectConfigurationPlatforms) = postSolution
		{45DC5C59-2E91-48AC-8A55-6948DAD85DD5}.Debug|x64.ActiveCfg = Debug|x64
		{45DC5C59-2E91-48AC-8A55-6948DAD85DD5}.Debug|x64.Build.0 = Debug|x64
		{45DC5C59-2E91-48AC-8A55-6948DAD85DD5}.Debug|x86.ActiveCfg = Debug|Win32
		{45DC5C59-2E91-48AC-8A55-6948DAD85DD5}.Debug|x86.Build.0 = Debug|Win32
		{45DC5C59-2E91-48AC-8A55-6948DAD85DD5}.Release|x64.ActiveCfg = Release|x64
		{45DC5C59-2E91-48AC-8A55-6948DAD85DD5}.Release|x64.Build.0 = Release|x64
		{45DC5C59-2E91-48AC-8A55-6948DAD85DD5}.Release|x86.ActiveCfg = Release|Win32
		{45DC5C59-2E91-48AC-8A55-6948DAD85DD5}.Release|x86.Build.0 = Release|Win32
	EndGlobalSection
	GlobalSection(SolutionProperties) = preSolution
		HideSolutionNode = FALSE
	EndGlobalSection
	GlobalSection(ExtensibilityGlobals) = postSolution
		SolutionGuid = {5748C462-1BC9-4ACB-86F1-E6107E51B5BD}
	EndGlobalSection
EndGlobal
